// !$*UTF8*$!
{
	archiveVersion = 1;
	classes = {
	};
	objectVersion = 55;
	objects = {

/* Begin PBXBuildFile section */
		812DA3E628B6E078004CB9F4 /* Tests_iOS.swift in Sources */ = {isa = PBXBuildFile; fileRef = 812DA3E528B6E078004CB9F4 /* Tests_iOS.swift */; };
		812DA3E828B6E078004CB9F4 /* Tests_iOSLaunchTests.swift in Sources */ = {isa = PBXBuildFile; fileRef = 812DA3E728B6E078004CB9F4 /* Tests_iOSLaunchTests.swift */; };
		812DA3F228B6E078004CB9F4 /* Tests_macOS.swift in Sources */ = {isa = PBXBuildFile; fileRef = 812DA3F128B6E078004CB9F4 /* Tests_macOS.swift */; };
		812DA3F428B6E078004CB9F4 /* Tests_macOSLaunchTests.swift in Sources */ = {isa = PBXBuildFile; fileRef = 812DA3F328B6E078004CB9F4 /* Tests_macOSLaunchTests.swift */; };
		812DA3F528B6E078004CB9F4 /* dessertsApp.swift in Sources */ = {isa = PBXBuildFile; fileRef = 812DA3CD28B6E075004CB9F4 /* dessertsApp.swift */; };
		812DA3F628B6E078004CB9F4 /* dessertsApp.swift in Sources */ = {isa = PBXBuildFile; fileRef = 812DA3CD28B6E075004CB9F4 /* dessertsApp.swift */; };
		812DA3F728B6E078004CB9F4 /* ContentView.swift in Sources */ = {isa = PBXBuildFile; fileRef = 812DA3CE28B6E075004CB9F4 /* ContentView.swift */; };
		812DA3F828B6E078004CB9F4 /* ContentView.swift in Sources */ = {isa = PBXBuildFile; fileRef = 812DA3CE28B6E075004CB9F4 /* ContentView.swift */; };
		812DA3F928B6E078004CB9F4 /* Assets.xcassets in Resources */ = {isa = PBXBuildFile; fileRef = 812DA3CF28B6E078004CB9F4 /* Assets.xcassets */; };
		812DA3FA28B6E078004CB9F4 /* Assets.xcassets in Resources */ = {isa = PBXBuildFile; fileRef = 812DA3CF28B6E078004CB9F4 /* Assets.xcassets */; };
/* End PBXBuildFile section */

/* Begin PBXContainerItemProxy section */
		812DA3E228B6E078004CB9F4 /* PBXContainerItemProxy */ = {
			isa = PBXContainerItemProxy;
			containerPortal = 812DA3C828B6E075004CB9F4 /* Project object */;
			proxyType = 1;
			remoteGlobalIDString = 812DA3D328B6E078004CB9F4;
			remoteInfo = "desserts (iOS)";
		};
		812DA3EE28B6E078004CB9F4 /* PBXContainerItemProxy */ = {
			isa = PBXContainerItemProxy;
			containerPortal = 812DA3C828B6E075004CB9F4 /* Project object */;
			proxyType = 1;
			remoteGlobalIDString = 812DA3D928B6E078004CB9F4;
			remoteInfo = "desserts (macOS)";
		};
/* End PBXContainerItemProxy section */

/* Begin PBXFileReference section */
		812DA3CD28B6E075004CB9F4 /* dessertsApp.swift */ = {isa = PBXFileReference; lastKnownFileType = sourcecode.swift; path = dessertsApp.swift; sourceTree = "<group>"; };
		812DA3CE28B6E075004CB9F4 /* ContentView.swift */ = {isa = PBXFileReference; lastKnownFileType = sourcecode.swift; path = ContentView.swift; sourceTree = "<group>"; };
		812DA3CF28B6E078004CB9F4 /* Assets.xcassets */ = {isa = PBXFileReference; lastKnownFileType = folder.assetcatalog; path = Assets.xcassets; sourceTree = "<group>"; };
		812DA3D428B6E078004CB9F4 /* desserts.app */ = {isa = PBXFileReference; explicitFileType = wrapper.application; includeInIndex = 0; path = desserts.app; sourceTree = BUILT_PRODUCTS_DIR; };
		812DA3DA28B6E078004CB9F4 /* desserts.app */ = {isa = PBXFileReference; explicitFileType = wrapper.application; includeInIndex = 0; path = desserts.app; sourceTree = BUILT_PRODUCTS_DIR; };
		812DA3DC28B6E078004CB9F4 /* macOS.entitlements */ = {isa = PBXFileReference; lastKnownFileType = text.plist.entitlements; path = macOS.entitlements; sourceTree = "<group>"; };
		812DA3E128B6E078004CB9F4 /* Tests iOS.xctest */ = {isa = PBXFileReference; explicitFileType = wrapper.cfbundle; includeInIndex = 0; path = "Tests iOS.xctest"; sourceTree = BUILT_PRODUCTS_DIR; };
		812DA3E528B6E078004CB9F4 /* Tests_iOS.swift */ = {isa = PBXFileReference; lastKnownFileType = sourcecode.swift; path = Tests_iOS.swift; sourceTree = "<group>"; };
		812DA3E728B6E078004CB9F4 /* Tests_iOSLaunchTests.swift */ = {isa = PBXFileReference; lastKnownFileType = sourcecode.swift; path = Tests_iOSLaunchTests.swift; sourceTree = "<group>"; };
		812DA3ED28B6E078004CB9F4 /* Tests macOS.xctest */ = {isa = PBXFileReference; explicitFileType = wrapper.cfbundle; includeInIndex = 0; path = "Tests macOS.xctest"; sourceTree = BUILT_PRODUCTS_DIR; };
		812DA3F128B6E078004CB9F4 /* Tests_macOS.swift */ = {isa = PBXFileReference; lastKnownFileType = sourcecode.swift; path = Tests_macOS.swift; sourceTree = "<group>"; };
		812DA3F328B6E078004CB9F4 /* Tests_macOSLaunchTests.swift */ = {isa = PBXFileReference; lastKnownFileType = sourcecode.swift; path = Tests_macOSLaunchTests.swift; sourceTree = "<group>"; };
/* End PBXFileReference section */

/* Begin PBXFrameworksBuildPhase section */
		812DA3D128B6E078004CB9F4 /* Frameworks */ = {
			isa = PBXFrameworksBuildPhase;
			buildActionMask = 2147483647;
			files = (
			);
			runOnlyForDeploymentPostprocessing = 0;
		};
		812DA3D728B6E078004CB9F4 /* Frameworks */ = {
			isa = PBXFrameworksBuildPhase;
			buildActionMask = 2147483647;
			files = (
			);
			runOnlyForDeploymentPostprocessing = 0;
		};
		812DA3DE28B6E078004CB9F4 /* Frameworks */ = {
			isa = PBXFrameworksBuildPhase;
			buildActionMask = 2147483647;
			files = (
			);
			runOnlyForDeploymentPostprocessing = 0;
		};
		812DA3EA28B6E078004CB9F4 /* Frameworks */ = {
			isa = PBXFrameworksBuildPhase;
			buildActionMask = 2147483647;
			files = (
			);
			runOnlyForDeploymentPostprocessing = 0;
		};
/* End PBXFrameworksBuildPhase section */

/* Begin PBXGroup section */
		812DA3C728B6E075004CB9F4 = {
			isa = PBXGroup;
			children = (
				812DA3CC28B6E075004CB9F4 /* Shared */,
				812DA3DB28B6E078004CB9F4 /* macOS */,
				812DA3E428B6E078004CB9F4 /* Tests iOS */,
				812DA3F028B6E078004CB9F4 /* Tests macOS */,
				812DA3D528B6E078004CB9F4 /* Products */,
			);
			sourceTree = "<group>";
		};
		812DA3CC28B6E075004CB9F4 /* Shared */ = {
			isa = PBXGroup;
			children = (
				812DA3CD28B6E075004CB9F4 /* dessertsApp.swift */,
				812DA3CE28B6E075004CB9F4 /* ContentView.swift */,
				812DA3CF28B6E078004CB9F4 /* Assets.xcassets */,
			);
			path = Shared;
			sourceTree = "<group>";
		};
		812DA3D528B6E078004CB9F4 /* Products */ = {
			isa = PBXGroup;
			children = (
				812DA3D428B6E078004CB9F4 /* desserts.app */,
				812DA3DA28B6E078004CB9F4 /* desserts.app */,
				812DA3E128B6E078004CB9F4 /* Tests iOS.xctest */,
				812DA3ED28B6E078004CB9F4 /* Tests macOS.xctest */,
			);
			name = Products;
			sourceTree = "<group>";
		};
		812DA3DB28B6E078004CB9F4 /* macOS */ = {
			isa = PBXGroup;
			children = (
				812DA3DC28B6E078004CB9F4 /* macOS.entitlements */,
			);
			path = macOS;
			sourceTree = "<group>";
		};
		812DA3E428B6E078004CB9F4 /* Tests iOS */ = {
			isa = PBXGroup;
			children = (
				812DA3E528B6E078004CB9F4 /* Tests_iOS.swift */,
				812DA3E728B6E078004CB9F4 /* Tests_iOSLaunchTests.swift */,
			);
			path = "Tests iOS";
			sourceTree = "<group>";
		};
		812DA3F028B6E078004CB9F4 /* Tests macOS */ = {
			isa = PBXGroup;
			children = (
				812DA3F128B6E078004CB9F4 /* Tests_macOS.swift */,
				812DA3F328B6E078004CB9F4 /* Tests_macOSLaunchTests.swift */,
			);
			path = "Tests macOS";
			sourceTree = "<group>";
		};
/* End PBXGroup section */

/* Begin PBXNativeTarget section */
		812DA3D328B6E078004CB9F4 /* desserts (iOS) */ = {
			isa = PBXNativeTarget;
			buildConfigurationList = 812DA3FD28B6E078004CB9F4 /* Build configuration list for PBXNativeTarget "desserts (iOS)" */;
			buildPhases = (
				812DA3D028B6E078004CB9F4 /* Sources */,
				812DA3D128B6E078004CB9F4 /* Frameworks */,
				812DA3D228B6E078004CB9F4 /* Resources */,
			);
			buildRules = (
			);
			dependencies = (
			);
			name = "desserts (iOS)";
			productName = "desserts (iOS)";
			productReference = 812DA3D428B6E078004CB9F4 /* desserts.app */;
			productType = "com.apple.product-type.application";
		};
		812DA3D928B6E078004CB9F4 /* desserts (macOS) */ = {
			isa = PBXNativeTarget;
			buildConfigurationList = 812DA40028B6E078004CB9F4 /* Build configuration list for PBXNativeTarget "desserts (macOS)" */;
			buildPhases = (
				812DA3D628B6E078004CB9F4 /* Sources */,
				812DA3D728B6E078004CB9F4 /* Frameworks */,
				812DA3D828B6E078004CB9F4 /* Resources */,
			);
			buildRules = (
			);
			dependencies = (
			);
			name = "desserts (macOS)";
			productName = "desserts (macOS)";
			productReference = 812DA3DA28B6E078004CB9F4 /* desserts.app */;
			productType = "com.apple.product-type.application";
		};
		812DA3E028B6E078004CB9F4 /* Tests iOS */ = {
			isa = PBXNativeTarget;
			buildConfigurationList = 812DA40328B6E078004CB9F4 /* Build configuration list for PBXNativeTarget "Tests iOS" */;
			buildPhases = (
				812DA3DD28B6E078004CB9F4 /* Sources */,
				812DA3DE28B6E078004CB9F4 /* Frameworks */,
				812DA3DF28B6E078004CB9F4 /* Resources */,
			);
			buildRules = (
			);
			dependencies = (
				812DA3E328B6E078004CB9F4 /* PBXTargetDependency */,
			);
			name = "Tests iOS";
			productName = "Tests iOS";
			productReference = 812DA3E128B6E078004CB9F4 /* Tests iOS.xctest */;
			productType = "com.apple.product-type.bundle.ui-testing";
		};
		812DA3EC28B6E078004CB9F4 /* Tests macOS */ = {
			isa = PBXNativeTarget;
			buildConfigurationList = 812DA40628B6E078004CB9F4 /* Build configuration list for PBXNativeTarget "Tests macOS" */;
			buildPhases = (
				812DA3E928B6E078004CB9F4 /* Sources */,
				812DA3EA28B6E078004CB9F4 /* Frameworks */,
				812DA3EB28B6E078004CB9F4 /* Resources */,
			);
			buildRules = (
			);
			dependencies = (
				812DA3EF28B6E078004CB9F4 /* PBXTargetDependency */,
			);
			name = "Tests macOS";
			productName = "Tests macOS";
			productReference = 812DA3ED28B6E078004CB9F4 /* Tests macOS.xctest */;
			productType = "com.apple.product-type.bundle.ui-testing";
		};
/* End PBXNativeTarget section */

/* Begin PBXProject section */
		812DA3C828B6E075004CB9F4 /* Project object */ = {
			isa = PBXProject;
			attributes = {
				BuildIndependentTargetsInParallel = 1;
				LastSwiftUpdateCheck = 1340;
				LastUpgradeCheck = 1340;
				TargetAttributes = {
					812DA3D328B6E078004CB9F4 = {
						CreatedOnToolsVersion = 13.4.1;
					};
					812DA3D928B6E078004CB9F4 = {
						CreatedOnToolsVersion = 13.4.1;
					};
					812DA3E028B6E078004CB9F4 = {
						CreatedOnToolsVersion = 13.4.1;
						TestTargetID = 812DA3D328B6E078004CB9F4;
					};
					812DA3EC28B6E078004CB9F4 = {
						CreatedOnToolsVersion = 13.4.1;
						TestTargetID = 812DA3D928B6E078004CB9F4;
					};
				};
			};
			buildConfigurationList = 812DA3CB28B6E075004CB9F4 /* Build configuration list for PBXProject "desserts" */;
			compatibilityVersion = "Xcode 13.0";
			developmentRegion = en;
			hasScannedForEncodings = 0;
			knownRegions = (
				en,
				Base,
			);
			mainGroup = 812DA3C728B6E075004CB9F4;
			productRefGroup = 812DA3D528B6E078004CB9F4 /* Products */;
			projectDirPath = "";
			projectRoot = "";
			targets = (
				812DA3D328B6E078004CB9F4 /* desserts (iOS) */,
				812DA3D928B6E078004CB9F4 /* desserts (macOS) */,
				812DA3E028B6E078004CB9F4 /* Tests iOS */,
				812DA3EC28B6E078004CB9F4 /* Tests macOS */,
			);
		};
/* End PBXProject section */

/* Begin PBXResourcesBuildPhase section */
		812DA3D228B6E078004CB9F4 /* Resources */ = {
			isa = PBXResourcesBuildPhase;
			buildActionMask = 2147483647;
			files = (
				812DA3F928B6E078004CB9F4 /* Assets.xcassets in Resources */,
			);
			runOnlyForDeploymentPostprocessing = 0;
		};
		812DA3D828B6E078004CB9F4 /* Resources */ = {
			isa = PBXResourcesBuildPhase;
			buildActionMask = 2147483647;
			files = (
				812DA3FA28B6E078004CB9F4 /* Assets.xcassets in Resources */,
			);
			runOnlyForDeploymentPostprocessing = 0;
		};
		812DA3DF28B6E078004CB9F4 /* Resources */ = {
			isa = PBXResourcesBuildPhase;
			buildActionMask = 2147483647;
			files = (
			);
			runOnlyForDeploymentPostprocessing = 0;
		};
		812DA3EB28B6E078004CB9F4 /* Resources */ = {
			isa = PBXResourcesBuildPhase;
			buildActionMask = 2147483647;
			files = (
			);
			runOnlyForDeploymentPostprocessing = 0;
		};
/* End PBXResourcesBuildPhase section */

/* Begin PBXSourcesBuildPhase section */
		812DA3D028B6E078004CB9F4 /* Sources */ = {
			isa = PBXSourcesBuildPhase;
			buildActionMask = 2147483647;
			files = (
				812DA3F728B6E078004CB9F4 /* ContentView.swift in Sources */,
				812DA3F528B6E078004CB9F4 /* dessertsApp.swift in Sources */,
			);
			runOnlyForDeploymentPostprocessing = 0;
		};
		812DA3D628B6E078004CB9F4 /* Sources */ = {
			isa = PBXSourcesBuildPhase;
			buildActionMask = 2147483647;
			files = (
				812DA3F828B6E078004CB9F4 /* ContentView.swift in Sources */,
				812DA3F628B6E078004CB9F4 /* dessertsApp.swift in Sources */,
			);
			runOnlyForDeploymentPostprocessing = 0;
		};
		812DA3DD28B6E078004CB9F4 /* Sources */ = {
			isa = PBXSourcesBuildPhase;
			buildActionMask = 2147483647;
			files = (
				812DA3E828B6E078004CB9F4 /* Tests_iOSLaunchTests.swift in Sources */,
				812DA3E628B6E078004CB9F4 /* Tests_iOS.swift in Sources */,
			);
			runOnlyForDeploymentPostprocessing = 0;
		};
		812DA3E928B6E078004CB9F4 /* Sources */ = {
			isa = PBXSourcesBuildPhase;
			buildActionMask = 2147483647;
			files = (
				812DA3F428B6E078004CB9F4 /* Tests_macOSLaunchTests.swift in Sources */,
				812DA3F228B6E078004CB9F4 /* Tests_macOS.swift in Sources */,
			);
			runOnlyForDeploymentPostprocessing = 0;
		};
/* End PBXSourcesBuildPhase section */

/* Begin PBXTargetDependency section */
		812DA3E328B6E078004CB9F4 /* PBXTargetDependency */ = {
			isa = PBXTargetDependency;
			target = 812DA3D328B6E078004CB9F4 /* desserts (iOS) */;
			targetProxy = 812DA3E228B6E078004CB9F4 /* PBXContainerItemProxy */;
		};
		812DA3EF28B6E078004CB9F4 /* PBXTargetDependency */ = {
			isa = PBXTargetDependency;
			target = 812DA3D928B6E078004CB9F4 /* desserts (macOS) */;
			targetProxy = 812DA3EE28B6E078004CB9F4 /* PBXContainerItemProxy */;
		};
/* End PBXTargetDependency section */

/* Begin XCBuildConfiguration section */
		812DA3FB28B6E078004CB9F4 /* Debug */ = {
			isa = XCBuildConfiguration;
			buildSettings = {
				ALWAYS_SEARCH_USER_PATHS = NO;
				CLANG_ANALYZER_NONNULL = YES;
				CLANG_ANALYZER_NUMBER_OBJECT_CONVERSION = YES_AGGRESSIVE;
				CLANG_CXX_LANGUAGE_STANDARD = "gnu++17";
				CLANG_ENABLE_MODULES = YES;
				CLANG_ENABLE_OBJC_ARC = YES;
				CLANG_ENABLE_OBJC_WEAK = YES;
				CLANG_WARN_BLOCK_CAPTURE_AUTORELEASING = YES;
				CLANG_WARN_BOOL_CONVERSION = YES;
				CLANG_WARN_COMMA = YES;
				CLANG_WARN_CONSTANT_CONVERSION = YES;
				CLANG_WARN_DEPRECATED_OBJC_IMPLEMENTATIONS = YES;
				CLANG_WARN_DIRECT_OBJC_ISA_USAGE = YES_ERROR;
				CLANG_WARN_DOCUMENTATION_COMMENTS = YES;
				CLANG_WARN_EMPTY_BODY = YES;
				CLANG_WARN_ENUM_CONVERSION = YES;
				CLANG_WARN_INFINITE_RECURSION = YES;
				CLANG_WARN_INT_CONVERSION = YES;
				CLANG_WARN_NON_LITERAL_NULL_CONVERSION = YES;
				CLANG_WARN_OBJC_IMPLICIT_RETAIN_SELF = YES;
				CLANG_WARN_OBJC_LITERAL_CONVERSION = YES;
				CLANG_WARN_OBJC_ROOT_CLASS = YES_ERROR;
				CLANG_WARN_QUOTED_INCLUDE_IN_FRAMEWORK_HEADER = YES;
				CLANG_WARN_RANGE_LOOP_ANALYSIS = YES;
				CLANG_WARN_STRICT_PROTOTYPES = YES;
				CLANG_WARN_SUSPICIOUS_MOVE = YES;
				CLANG_WARN_UNGUARDED_AVAILABILITY = YES_AGGRESSIVE;
				CLANG_WARN_UNREACHABLE_CODE = YES;
				CLANG_WARN__DUPLICATE_METHOD_MATCH = YES;
				COPY_PHASE_STRIP = NO;
				DEBUG_INFORMATION_FORMAT = dwarf;
				ENABLE_STRICT_OBJC_MSGSEND = YES;
				ENABLE_TESTABILITY = YES;
				GCC_C_LANGUAGE_STANDARD = gnu11;
				GCC_DYNAMIC_NO_PIC = NO;
				GCC_NO_COMMON_BLOCKS = YES;
				GCC_OPTIMIZATION_LEVEL = 0;
				GCC_PREPROCESSOR_DEFINITIONS = (
					"DEBUG=1",
					"$(inherited)",
				);
				GCC_WARN_64_TO_32_BIT_CONVERSION = YES;
				GCC_WARN_ABOUT_RETURN_TYPE = YES_ERROR;
				GCC_WARN_UNDECLARED_SELECTOR = YES;
				GCC_WARN_UNINITIALIZED_AUTOS = YES_AGGRESSIVE;
				GCC_WARN_UNUSED_FUNCTION = YES;
				GCC_WARN_UNUSED_VARIABLE = YES;
				MTL_ENABLE_DEBUG_INFO = INCLUDE_SOURCE;
				MTL_FAST_MATH = YES;
				ONLY_ACTIVE_ARCH = YES;
				SWIFT_ACTIVE_COMPILATION_CONDITIONS = DEBUG;
				SWIFT_OPTIMIZATION_LEVEL = "-Onone";
			};
			name = Debug;
		};
		812DA3FC28B6E078004CB9F4 /* Release */ = {
			isa = XCBuildConfiguration;
			buildSettings = {
				ALWAYS_SEARCH_USER_PATHS = NO;
				CLANG_ANALYZER_NONNULL = YES;
				CLANG_ANALYZER_NUMBER_OBJECT_CONVERSION = YES_AGGRESSIVE;
				CLANG_CXX_LANGUAGE_STANDARD = "gnu++17";
				CLANG_ENABLE_MODULES = YES;
				CLANG_ENABLE_OBJC_ARC = YES;
				CLANG_ENABLE_OBJC_WEAK = YES;
				CLANG_WARN_BLOCK_CAPTURE_AUTORELEASING = YES;
				CLANG_WARN_BOOL_CONVERSION = YES;
				CLANG_WARN_COMMA = YES;
				CLANG_WARN_CONSTANT_CONVERSION = YES;
				CLANG_WARN_DEPRECATED_OBJC_IMPLEMENTATIONS = YES;
				CLANG_WARN_DIRECT_OBJC_ISA_USAGE = YES_ERROR;
				CLANG_WARN_DOCUMENTATION_COMMENTS = YES;
				CLANG_WARN_EMPTY_BODY = YES;
				CLANG_WARN_ENUM_CONVERSION = YES;
				CLANG_WARN_INFINITE_RECURSION = YES;
				CLANG_WARN_INT_CONVERSION = YES;
				CLANG_WARN_NON_LITERAL_NULL_CONVERSION = YES;
				CLANG_WARN_OBJC_IMPLICIT_RETAIN_SELF = YES;
				CLANG_WARN_OBJC_LITERAL_CONVERSION = YES;
				CLANG_WARN_OBJC_ROOT_CLASS = YES_ERROR;
				CLANG_WARN_QUOTED_INCLUDE_IN_FRAMEWORK_HEADER = YES;
				CLANG_WARN_RANGE_LOOP_ANALYSIS = YES;
				CLANG_WARN_STRICT_PROTOTYPES = YES;
				CLANG_WARN_SUSPICIOUS_MOVE = YES;
				CLANG_WARN_UNGUARDED_AVAILABILITY = YES_AGGRESSIVE;
				CLANG_WARN_UNREACHABLE_CODE = YES;
				CLANG_WARN__DUPLICATE_METHOD_MATCH = YES;
				COPY_PHASE_STRIP = NO;
				DEBUG_INFORMATION_FORMAT = "dwarf-with-dsym";
				ENABLE_NS_ASSERTIONS = NO;
				ENABLE_STRICT_OBJC_MSGSEND = YES;
				GCC_C_LANGUAGE_STANDARD = gnu11;
				GCC_NO_COMMON_BLOCKS = YES;
				GCC_WARN_64_TO_32_BIT_CONVERSION = YES;
				GCC_WARN_ABOUT_RETURN_TYPE = YES_ERROR;
				GCC_WARN_UNDECLARED_SELECTOR = YES;
				GCC_WARN_UNINITIALIZED_AUTOS = YES_AGGRESSIVE;
				GCC_WARN_UNUSED_FUNCTION = YES;
				GCC_WARN_UNUSED_VARIABLE = YES;
				MTL_ENABLE_DEBUG_INFO = NO;
				MTL_FAST_MATH = YES;
				SWIFT_COMPILATION_MODE = wholemodule;
				SWIFT_OPTIMIZATION_LEVEL = "-O";
			};
			name = Release;
		};
		812DA3FE28B6E078004CB9F4 /* Debug */ = {
			isa = XCBuildConfiguration;
			buildSettings = {
				ASSETCATALOG_COMPILER_APPICON_NAME = AppIcon;
				ASSETCATALOG_COMPILER_GLOBAL_ACCENT_COLOR_NAME = AccentColor;
				CODE_SIGN_STYLE = Automatic;
				CURRENT_PROJECT_VERSION = 1;
				ENABLE_PREVIEWS = YES;
				GENERATE_INFOPLIST_FILE = YES;
				INFOPLIST_KEY_UIApplicationSceneManifest_Generation = YES;
				INFOPLIST_KEY_UIApplicationSupportsIndirectInputEvents = YES;
				INFOPLIST_KEY_UILaunchScreen_Generation = YES;
				INFOPLIST_KEY_UISupportedInterfaceOrientations_iPad = "UIInterfaceOrientationPortrait UIInterfaceOrientationPortraitUpsideDown UIInterfaceOrientationLandscapeLeft UIInterfaceOrientationLandscapeRight";
				INFOPLIST_KEY_UISupportedInterfaceOrientations_iPhone = "UIInterfaceOrientationPortrait UIInterfaceOrientationLandscapeLeft UIInterfaceOrientationLandscapeRight";
				IPHONEOS_DEPLOYMENT_TARGET = 15.5;
				LD_RUNPATH_SEARCH_PATHS = (
					"$(inherited)",
					"@executable_path/Frameworks",
				);
				MARKETING_VERSION = 1.0;
				PRODUCT_BUNDLE_IDENTIFIER = may.f.desserts;
				PRODUCT_NAME = desserts;
				SDKROOT = iphoneos;
				SWIFT_EMIT_LOC_STRINGS = YES;
				SWIFT_VERSION = 5.0;
				TARGETED_DEVICE_FAMILY = "1,2";
			};
			name = Debug;
		};
		812DA3FF28B6E078004CB9F4 /* Release */ = {
			isa = XCBuildConfiguration;
			buildSettings = {
				ASSETCATALOG_COMPILER_APPICON_NAME = AppIcon;
				ASSETCATALOG_COMPILER_GLOBAL_ACCENT_COLOR_NAME = AccentColor;
				CODE_SIGN_STYLE = Automatic;
				CURRENT_PROJECT_VERSION = 1;
				ENABLE_PREVIEWS = YES;
				GENERATE_INFOPLIST_FILE = YES;
				INFOPLIST_KEY_UIApplicationSceneManifest_Generation = YES;
				INFOPLIST_KEY_UIApplicationSupportsIndirectInputEvents = YES;
				INFOPLIST_KEY_UILaunchScreen_Generation = YES;
				INFOPLIST_KEY_UISupportedInterfaceOrientations_iPad = "UIInterfaceOrientationPortrait UIInterfaceOrientationPortraitUpsideDown UIInterfaceOrientationLandscapeLeft UIInterfaceOrientationLandscapeRight";
				INFOPLIST_KEY_UISupportedInterfaceOrientations_iPhone = "UIInterfaceOrientationPortrait UIInterfaceOrientationLandscapeLeft UIInterfaceOrientationLandscapeRight";
				IPHONEOS_DEPLOYMENT_TARGET = 15.5;
				LD_RUNPATH_SEARCH_PATHS = (
					"$(inherited)",
					"@executable_path/Frameworks",
				);
				MARKETING_VERSION = 1.0;
				PRODUCT_BUNDLE_IDENTIFIER = may.f.desserts;
				PRODUCT_NAME = desserts;
				SDKROOT = iphoneos;
				SWIFT_EMIT_LOC_STRINGS = YES;
				SWIFT_VERSION = 5.0;
				TARGETED_DEVICE_FAMILY = "1,2";
				VALIDATE_PRODUCT = YES;
			};
			name = Release;
		};
		812DA40128B6E078004CB9F4 /* Debug */ = {
			isa = XCBuildConfiguration;
			buildSettings = {
				ASSETCATALOG_COMPILER_APPICON_NAME = AppIcon;
				ASSETCATALOG_COMPILER_GLOBAL_ACCENT_COLOR_NAME = AccentColor;
				CODE_SIGN_ENTITLEMENTS = macOS/macOS.entitlements;
				CODE_SIGN_STYLE = Automatic;
				COMBINE_HIDPI_IMAGES = YES;
				CURRENT_PROJECT_VERSION = 1;
				ENABLE_PREVIEWS = YES;
				GENERATE_INFOPLIST_FILE = YES;
				INFOPLIST_KEY_NSHumanReadableCopyright = "";
				LD_RUNPATH_SEARCH_PATHS = (
					"$(inherited)",
					"@executable_path/../Frameworks",
				);
				MACOSX_DEPLOYMENT_TARGET = 12.3;
				MARKETING_VERSION = 1.0;
				PRODUCT_BUNDLE_IDENTIFIER = may.f.desserts;
				PRODUCT_NAME = desserts;
				SDKROOT = macosx;
				SWIFT_EMIT_LOC_STRINGS = YES;
				SWIFT_VERSION = 5.0;
			};
			name = Debug;
		};
		812DA40228B6E078004CB9F4 /* Release */ = {
			isa = XCBuildConfiguration;
			buildSettings = {
				ASSETCATALOG_COMPILER_APPICON_NAME = AppIcon;
				ASSETCATALOG_COMPILER_GLOBAL_ACCENT_COLOR_NAME = AccentColor;
				CODE_SIGN_ENTITLEMENTS = macOS/macOS.entitlements;
				CODE_SIGN_STYLE = Automatic;
				COMBINE_HIDPI_IMAGES = YES;
				CURRENT_PROJECT_VERSION = 1;
				ENABLE_PREVIEWS = YES;
				GENERATE_INFOPLIST_FILE = YES;
				INFOPLIST_KEY_NSHumanReadableCopyright = "";
				LD_RUNPATH_SEARCH_PATHS = (
					"$(inherited)",
					"@executable_path/../Frameworks",
				);
				MACOSX_DEPLOYMENT_TARGET = 12.3;
				MARKETING_VERSION = 1.0;
				PRODUCT_BUNDLE_IDENTIFIER = may.f.desserts;
				PRODUCT_NAME = desserts;
				SDKROOT = macosx;
				SWIFT_EMIT_LOC_STRINGS = YES;
				SWIFT_VERSION = 5.0;
			};
			name = Release;
		};
		812DA40428B6E078004CB9F4 /* Debug */ = {
			isa = XCBuildConfiguration;
			buildSettings = {
				ALWAYS_EMBED_SWIFT_STANDARD_LIBRARIES = YES;
				CODE_SIGN_STYLE = Automatic;
				CURRENT_PROJECT_VERSION = 1;
				GENERATE_INFOPLIST_FILE = YES;
				IPHONEOS_DEPLOYMENT_TARGET = 15.5;
				MARKETING_VERSION = 1.0;
				PRODUCT_BUNDLE_IDENTIFIER = "may.f.Tests-iOS";
				PRODUCT_NAME = "$(TARGET_NAME)";
				SDKROOT = iphoneos;
				SWIFT_EMIT_LOC_STRINGS = NO;
				SWIFT_VERSION = 5.0;
				TARGETED_DEVICE_FAMILY = "1,2";
				TEST_TARGET_NAME = "desserts (iOS)";
			};
			name = Debug;
		};
		812DA40528B6E078004CB9F4 /* Release */ = {
			isa = XCBuildConfiguration;
			buildSettings = {
				ALWAYS_EMBED_SWIFT_STANDARD_LIBRARIES = YES;
				CODE_SIGN_STYLE = Automatic;
				CURRENT_PROJECT_VERSION = 1;
				GENERATE_INFOPLIST_FILE = YES;
				IPHONEOS_DEPLOYMENT_TARGET = 15.5;
				MARKETING_VERSION = 1.0;
				PRODUCT_BUNDLE_IDENTIFIER = "may.f.Tests-iOS";
				PRODUCT_NAME = "$(TARGET_NAME)";
				SDKROOT = iphoneos;
				SWIFT_EMIT_LOC_STRINGS = NO;
				SWIFT_VERSION = 5.0;
				TARGETED_DEVICE_FAMILY = "1,2";
				TEST_TARGET_NAME = "desserts (iOS)";
				VALIDATE_PRODUCT = YES;
			};
			name = Release;
		};
		812DA40728B6E078004CB9F4 /* Debug */ = {
			isa = XCBuildConfiguration;
			buildSettings = {
				ALWAYS_EMBED_SWIFT_STANDARD_LIBRARIES = YES;
				CODE_SIGN_STYLE = Automatic;
				CURRENT_PROJECT_VERSION = 1;
				GENERATE_INFOPLIST_FILE = YES;
				MACOSX_DEPLOYMENT_TARGET = 12.3;
				MARKETING_VERSION = 1.0;
				PRODUCT_BUNDLE_IDENTIFIER = "may.f.Tests-macOS";
				PRODUCT_NAME = "$(TARGET_NAME)";
				SDKROOT = macosx;
				SWIFT_EMIT_LOC_STRINGS = NO;
				SWIFT_VERSION = 5.0;
				TEST_TARGET_NAME = "desserts (macOS)";
			};
			name = Debug;
		};
		812DA40828B6E078004CB9F4 /* Release */ = {
			isa = XCBuildConfiguration;
			buildSettings = {
				ALWAYS_EMBED_SWIFT_STANDARD_LIBRARIES = YES;
				CODE_SIGN_STYLE = Automatic;
				CURRENT_PROJECT_VERSION = 1;
				GENERATE_INFOPLIST_FILE = YES;
				MACOSX_DEPLOYMENT_TARGET = 12.3;
				MARKETING_VERSION = 1.0;
				PRODUCT_BUNDLE_IDENTIFIER = "may.f.Tests-macOS";
				PRODUCT_NAME = "$(TARGET_NAME)";
				SDKROOT = macosx;
				SWIFT_EMIT_LOC_STRINGS = NO;
				SWIFT_VERSION = 5.0;
				TEST_TARGET_NAME = "desserts (macOS)";
			};
			name = Release;
		};
/* End XCBuildConfiguration section */

/* Begin XCConfigurationList section */
		812DA3CB28B6E075004CB9F4 /* Build configuration list for PBXProject "desserts" */ = {
			isa = XCConfigurationList;
			buildConfigurations = (
				812DA3FB28B6E078004CB9F4 /* Debug */,
				812DA3FC28B6E078004CB9F4 /* Release */,
			);
			defaultConfigurationIsVisible = 0;
			defaultConfigurationName = Release;
		};
		812DA3FD28B6E078004CB9F4 /* Build configuration list for PBXNativeTarget "desserts (iOS)" */ = {
			isa = XCConfigurationList;
			buildConfigurations = (
				812DA3FE28B6E078004CB9F4 /* Debug */,
				812DA3FF28B6E078004CB9F4 /* Release */,
			);
			defaultConfigurationIsVisible = 0;
			defaultConfigurationName = Release;
		};
		812DA40028B6E078004CB9F4 /* Build configuration list for PBXNativeTarget "desserts (macOS)" */ = {
			isa = XCConfigurationList;
			buildConfigurations = (
				812DA40128B6E078004CB9F4 /* Debug */,
				812DA40228B6E078004CB9F4 /* Release */,
			);
			defaultConfigurationIsVisible = 0;
			defaultConfigurationName = Release;
		};
		812DA40328B6E078004CB9F4 /* Build configuration list for PBXNativeTarget "Tests iOS" */ = {
			isa = XCConfigurationList;
			buildConfigurations = (
				812DA40428B6E078004CB9F4 /* Debug */,
				812DA40528B6E078004CB9F4 /* Release */,
			);
			defaultConfigurationIsVisible = 0;
			defaultConfigurationName = Release;
		};
		812DA40628B6E078004CB9F4 /* Build configuration list for PBXNativeTarget "Tests macOS" */ = {
			isa = XCConfigurationList;
			buildConfigurations = (
				812DA40728B6E078004CB9F4 /* Debug */,
				812DA40828B6E078004CB9F4 /* Release */,
			);
			defaultConfigurationIsVisible = 0;
			defaultConfigurationName = Release;
		};
/* End XCConfigurationList section */
	};
	rootObject = 812DA3C828B6E075004CB9F4 /* Project object */;
}
